PODS:
  - Flutter (1.0.0)
  - google_maps_flutter_ios (2.2.3):
    - Flutter
    - GoogleMaps (< 8.1)
  - GoogleMaps (8.0.0):
    - GoogleMaps/Maps (= 8.0.0)
  - GoogleMaps/Base (8.0.0)
  - GoogleMaps/Maps (8.0.0):
    - GoogleMaps/Base

DEPENDENCIES:
  - Flutter (from `Flutter`)
  - google_maps_flutter_ios (from `.symlinks/plugins/google_maps_flutter_ios/ios`)
  - GoogleMaps (= 8.0.0)

SPEC REPOS:
  trunk:
    - GoogleMaps

EXTERNAL SOURCES:
  Flutter:
    :path: Flutter
  google_maps_flutter_ios:
    :path: ".symlinks/plugins/google_maps_flutter_ios/ios"

SPEC CHECKSUMS:
  Flutter: f04841e97a9d0b0a8025694d0796dd46242b2854
  google_maps_flutter_ios: 4ac745dac55b33dbb4b26bdd50f77e8458e94973
  GoogleMaps: 0dce473ab18742d0f327887853630927cbee9127

PODFILE CHECKSUM: 54854354534c604c04e929e6c39dd74b2c99e379

COCOAPODS: 1.12.1
